
Microsoft Visual Studio Solution File, Format Version 12.00
# Visual Studio Version 17
VisualStudioVersion = 17.5.002.0
MinimumVisualStudioVersion = 10.0.40219.1
Project("{9A19103F-16F7-4668-BE54-9A1E7A4F7556}") = "backend", "backend.csproj", "{DC326AFB-E93F-4907-80ED-99DACA16D45B}"
EndProject
Global
	GlobalSection(SolutionConfigurationPlatforms) = preSolution
		Debug|Any CPU = Debug|Any CPU
		Release|Any CPU = Release|Any CPU
	EndGlobalSection
	GlobalSection(ProjectConfigurationPlatforms) = postSolution
		{DC326AFB-E93F-4907-80ED-99DACA16D45B}.Debug|Any CPU.ActiveCfg = Debug|Any CPU
		{DC326AFB-E93F-4907-80ED-99DACA16D45B}.Debug|Any CPU.Build.0 = Debug|Any CPU
		{DC326AFB-E93F-4907-80ED-99DACA16D45B}.Release|Any CPU.ActiveCfg = Release|Any CPU
		{DC326AFB-E93F-4907-80ED-99DACA16D45B}.Release|Any CPU.Build.0 = Release|Any CPU
	EndGlobalSection
	GlobalSection(SolutionProperties) = preSolution
		HideSolutionNode = FALSE
	EndGlobalSection
	GlobalSection(ExtensibilityGlobals) = postSolution
		SolutionGuid = {89E76517-8525-482B-B201-B9CB0DB1F3F6}
	EndGlobalSection
EndGlobal
